Microsoft Visual Studio Solution File, Format Version 12.00
# Visual Studio 2012
Project("{FAE04EC0-301F-11D3-BF4B-00C04F79EFBC}") = "The Field", "The Field.csproj", "{1C80D996-828B-4130-91AA-F7D4BC02C5D7}"
EndProject
Global
	GlobalSection(SolutionConfigurationPlatforms) = preSolution
	Debug|Any CPU = Debug|Any CPU
	ExportDebug|Any CPU = ExportDebug|Any CPU
	ExportRelease|Any CPU = ExportRelease|Any CPU
	EndGlobalSection
	GlobalSection(ProjectConfigurationPlatforms) = postSolution
		{1C80D996-828B-4130-91AA-F7D4BC02C5D7}.Debug|Any CPU.ActiveCfg = Debug|Any CPU
		{1C80D996-828B-4130-91AA-F7D4BC02C5D7}.Debug|Any CPU.Build.0 = Debug|Any CPU
		{1C80D996-828B-4130-91AA-F7D4BC02C5D7}.ExportDebug|Any CPU.ActiveCfg = ExportDebug|Any CPU
		{1C80D996-828B-4130-91AA-F7D4BC02C5D7}.ExportDebug|Any CPU.Build.0 = ExportDebug|Any CPU
		{1C80D996-828B-4130-91AA-F7D4BC02C5D7}.ExportRelease|Any CPU.ActiveCfg = ExportRelease|Any CPU
		{1C80D996-828B-4130-91AA-F7D4BC02C5D7}.ExportRelease|Any CPU.Build.0 = ExportRelease|Any CPU
	EndGlobalSection
EndGlobal
